
Microsoft Visual Studio Solution File, Format Version 12.00
# Visual Studio Version 17
VisualStudioVersion = 17.14.36518.9
MinimumVisualStudioVersion = 10.0.40219.1
Project("{FAE04EC0-301F-11D3-BF4B-00C04F79EFBC}") = "FaturamentoService", "NFSystem\FaturamentoService.csproj", "{A81ECD94-D4BD-43E2-91EF-33765FCE2263}"
EndProject
Project("{FAE04EC0-301F-11D3-BF4B-00C04F79EFBC}") = "EstoqueService", "EstoqueService\EstoqueService.csproj", "{5824699D-9C61-4DEF-B8F9-DCFDF4510CF5}"
EndProject
Global
	GlobalSection(SolutionConfigurationPlatforms) = preSolution
		Debug|Any CPU = Debug|Any CPU
		Release|Any CPU = Release|Any CPU
	EndGlobalSection
	GlobalSection(ProjectConfigurationPlatforms) = postSolution
		{A81ECD94-D4BD-43E2-91EF-33765FCE2263}.Debug|Any CPU.ActiveCfg = Debug|Any CPU
		{A81ECD94-D4BD-43E2-91EF-33765FCE2263}.Debug|Any CPU.Build.0 = Debug|Any CPU
		{A81ECD94-D4BD-43E2-91EF-33765FCE2263}.Release|Any CPU.ActiveCfg = Release|Any CPU
		{A81ECD94-D4BD-43E2-91EF-33765FCE2263}.Release|Any CPU.Build.0 = Release|Any CPU
		{5824699D-9C61-4DEF-B8F9-DCFDF4510CF5}.Debug|Any CPU.ActiveCfg = Debug|Any CPU
		{5824699D-9C61-4DEF-B8F9-DCFDF4510CF5}.Debug|Any CPU.Build.0 = Debug|Any CPU
		{5824699D-9C61-4DEF-B8F9-DCFDF4510CF5}.Release|Any CPU.ActiveCfg = Release|Any CPU
		{5824699D-9C61-4DEF-B8F9-DCFDF4510CF5}.Release|Any CPU.Build.0 = Release|Any CPU
	EndGlobalSection
	GlobalSection(SolutionProperties) = preSolution
		HideSolutionNode = FALSE
	EndGlobalSection
	GlobalSection(ExtensibilityGlobals) = postSolution
		SolutionGuid = {549BF2C4-D166-40B0-856B-A91D95839B8B}
	EndGlobalSection
EndGlobal
